
Microsoft Visual Studio Solution File, Format Version 12.00
# Visual Studio Version 17
VisualStudioVersion = 17.14.36310.24 d17.14
MinimumVisualStudioVersion = 10.0.40219.1
Project("{FAE04EC0-301F-11D3-BF4B-00C04F79EFBC}") = "semana 4", "semana 4\semana 4.csproj", "{826464D3-1E23-4094-99E3-1B2FA3B6236E}"
EndProject
Project("{888888A0-9F3D-457C-B088-3A5042F75D52}") = "cunumi", "cunumi\cunumi.pyproj", "{14DCCE6F-ACAB-4600-8356-8995D04BECA5}"
EndProject
Global
	GlobalSection(SolutionConfigurationPlatforms) = preSolution
		Debug|Any CPU = Debug|Any CPU
		Release|Any CPU = Release|Any CPU
	EndGlobalSection
	GlobalSection(ProjectConfigurationPlatforms) = postSolution
		{826464D3-1E23-4094-99E3-1B2FA3B6236E}.Debug|Any CPU.ActiveCfg = Debug|Any CPU
		{826464D3-1E23-4094-99E3-1B2FA3B6236E}.Debug|Any CPU.Build.0 = Debug|Any CPU
		{826464D3-1E23-4094-99E3-1B2FA3B6236E}.Release|Any CPU.ActiveCfg = Release|Any CPU
		{826464D3-1E23-4094-99E3-1B2FA3B6236E}.Release|Any CPU.Build.0 = Release|Any CPU
		{14DCCE6F-ACAB-4600-8356-8995D04BECA5}.Debug|Any CPU.ActiveCfg = Debug|Any CPU
		{14DCCE6F-ACAB-4600-8356-8995D04BECA5}.Release|Any CPU.ActiveCfg = Release|Any CPU
	EndGlobalSection
	GlobalSection(SolutionProperties) = preSolution
		HideSolutionNode = FALSE
	EndGlobalSection
	GlobalSection(ExtensibilityGlobals) = postSolution
		SolutionGuid = {56150781-DCDF-4777-B803-7762DDBA1ABE}
	EndGlobalSection
EndGlobal
